// !$*UTF8*$!
{
	archiveVersion = 1;
	classes = {
	};
	objectVersion = 56;
	objects = {

/* Begin PBXBuildFile section */
		0B35396C2B31D65F00EAA786 /* AppDelegate.swift in Sources */ = {isa = PBXBuildFile; fileRef = 0B35396B2B31D65F00EAA786 /* AppDelegate.swift */; };
		0B35396E2B31D65F00EAA786 /* SceneDelegate.swift in Sources */ = {isa = PBXBuildFile; fileRef = 0B35396D2B31D65F00EAA786 /* SceneDelegate.swift */; };
		0B3539702B31D65F00EAA786 /* MainTabBarViewController.swift in Sources */ = {isa = PBXBuildFile; fileRef = 0B35396F2B31D65F00EAA786 /* MainTabBarViewController.swift */; };
		0B3539752B31D66100EAA786 /* Assets.xcassets in Resources */ = {isa = PBXBuildFile; fileRef = 0B3539742B31D66100EAA786 /* Assets.xcassets */; };
		0B3539782B31D66100EAA786 /* LaunchScreen.storyboard in Resources */ = {isa = PBXBuildFile; fileRef = 0B3539762B31D66100EAA786 /* LaunchScreen.storyboard */; };
		0B3539812B31D95000EAA786 /* HomeViewController.swift in Sources */ = {isa = PBXBuildFile; fileRef = 0B3539802B31D95000EAA786 /* HomeViewController.swift */; };
		0B3539832B31DA5D00EAA786 /* UpcomingViewController.swift in Sources */ = {isa = PBXBuildFile; fileRef = 0B3539822B31DA5D00EAA786 /* UpcomingViewController.swift */; };
		0B3539852B31DA8100EAA786 /* SearchViewController.swift in Sources */ = {isa = PBXBuildFile; fileRef = 0B3539842B31DA8100EAA786 /* SearchViewController.swift */; };
		0B3539872B31DAB300EAA786 /* DownloadViewController.swift in Sources */ = {isa = PBXBuildFile; fileRef = 0B3539862B31DAB300EAA786 /* DownloadViewController.swift */; };
		0B35398E2B320B7200EAA786 /* CollectionViewTableViewCell.swift in Sources */ = {isa = PBXBuildFile; fileRef = 0B35398D2B320B7200EAA786 /* CollectionViewTableViewCell.swift */; };
		0B3539902B33144C00EAA786 /* HeroHeaderUIView.swift in Sources */ = {isa = PBXBuildFile; fileRef = 0B35398F2B33144C00EAA786 /* HeroHeaderUIView.swift */; };
		0B3539922B3464C100EAA786 /* APICaller.swift in Sources */ = {isa = PBXBuildFile; fileRef = 0B3539912B3464C100EAA786 /* APICaller.swift */; };
		0B3539942B346B1300EAA786 /* TitleModel.swift in Sources */ = {isa = PBXBuildFile; fileRef = 0B3539932B346B1300EAA786 /* TitleModel.swift */; };
		0B3539962B346F9E00EAA786 /* Extensions.swift in Sources */ = {isa = PBXBuildFile; fileRef = 0B3539952B346F9E00EAA786 /* Extensions.swift */; };
		0B35399A2B34BA6000EAA786 /* TitleCollectionViewCell.swift in Sources */ = {isa = PBXBuildFile; fileRef = 0B3539992B34BA6000EAA786 /* TitleCollectionViewCell.swift */; };
		0B35399D2B34BBAF00EAA786 /* SDWebImage in Frameworks */ = {isa = PBXBuildFile; productRef = 0B35399C2B34BBAF00EAA786 /* SDWebImage */; };
		0B35399F2B34BBAF00EAA786 /* SDWebImageMapKit in Frameworks */ = {isa = PBXBuildFile; productRef = 0B35399E2B34BBAF00EAA786 /* SDWebImageMapKit */; };
/* End PBXBuildFile section */

/* Begin PBXFileReference section */
		0B3539682B31D65F00EAA786 /* clone-netflix.app */ = {isa = PBXFileReference; explicitFileType = wrapper.application; includeInIndex = 0; path = "clone-netflix.app"; sourceTree = BUILT_PRODUCTS_DIR; };
		0B35396B2B31D65F00EAA786 /* AppDelegate.swift */ = {isa = PBXFileReference; lastKnownFileType = sourcecode.swift; path = AppDelegate.swift; sourceTree = "<group>"; };
		0B35396D2B31D65F00EAA786 /* SceneDelegate.swift */ = {isa = PBXFileReference; lastKnownFileType = sourcecode.swift; path = SceneDelegate.swift; sourceTree = "<group>"; };
		0B35396F2B31D65F00EAA786 /* MainTabBarViewController.swift */ = {isa = PBXFileReference; lastKnownFileType = sourcecode.swift; path = MainTabBarViewController.swift; sourceTree = "<group>"; };
		0B3539742B31D66100EAA786 /* Assets.xcassets */ = {isa = PBXFileReference; lastKnownFileType = folder.assetcatalog; path = Assets.xcassets; sourceTree = "<group>"; };
		0B3539772B31D66100EAA786 /* Base */ = {isa = PBXFileReference; lastKnownFileType = file.storyboard; name = Base; path = Base.lproj/LaunchScreen.storyboard; sourceTree = "<group>"; };
		0B3539792B31D66100EAA786 /* Info.plist */ = {isa = PBXFileReference; lastKnownFileType = text.plist.xml; path = Info.plist; sourceTree = "<group>"; };
		0B3539802B31D95000EAA786 /* HomeViewController.swift */ = {isa = PBXFileReference; lastKnownFileType = sourcecode.swift; path = HomeViewController.swift; sourceTree = "<group>"; };
		0B3539822B31DA5D00EAA786 /* UpcomingViewController.swift */ = {isa = PBXFileReference; lastKnownFileType = sourcecode.swift; path = UpcomingViewController.swift; sourceTree = "<group>"; };
		0B3539842B31DA8100EAA786 /* SearchViewController.swift */ = {isa = PBXFileReference; lastKnownFileType = sourcecode.swift; path = SearchViewController.swift; sourceTree = "<group>"; };
		0B3539862B31DAB300EAA786 /* DownloadViewController.swift */ = {isa = PBXFileReference; lastKnownFileType = sourcecode.swift; path = DownloadViewController.swift; sourceTree = "<group>"; };
		0B35398D2B320B7200EAA786 /* CollectionViewTableViewCell.swift */ = {isa = PBXFileReference; lastKnownFileType = sourcecode.swift; path = CollectionViewTableViewCell.swift; sourceTree = "<group>"; };
		0B35398F2B33144C00EAA786 /* HeroHeaderUIView.swift */ = {isa = PBXFileReference; lastKnownFileType = sourcecode.swift; path = HeroHeaderUIView.swift; sourceTree = "<group>"; };
		0B3539912B3464C100EAA786 /* APICaller.swift */ = {isa = PBXFileReference; lastKnownFileType = sourcecode.swift; path = APICaller.swift; sourceTree = "<group>"; };
		0B3539932B346B1300EAA786 /* TitleModel.swift */ = {isa = PBXFileReference; lastKnownFileType = sourcecode.swift; path = TitleModel.swift; sourceTree = "<group>"; };
		0B3539952B346F9E00EAA786 /* Extensions.swift */ = {isa = PBXFileReference; lastKnownFileType = sourcecode.swift; path = Extensions.swift; sourceTree = "<group>"; };
		0B3539992B34BA6000EAA786 /* TitleCollectionViewCell.swift */ = {isa = PBXFileReference; lastKnownFileType = sourcecode.swift; path = TitleCollectionViewCell.swift; sourceTree = "<group>"; };
/* End PBXFileReference section */

/* Begin PBXFrameworksBuildPhase section */
		0B3539652B31D65F00EAA786 /* Frameworks */ = {
			isa = PBXFrameworksBuildPhase;
			buildActionMask = 2147483647;
			files = (
				0B35399F2B34BBAF00EAA786 /* SDWebImageMapKit in Frameworks */,
				0B35399D2B34BBAF00EAA786 /* SDWebImage in Frameworks */,
			);
			runOnlyForDeploymentPostprocessing = 0;
		};
/* End PBXFrameworksBuildPhase section */

/* Begin PBXGroup section */
		0B35395F2B31D65F00EAA786 = {
			isa = PBXGroup;
			children = (
				0B35396A2B31D65F00EAA786 /* clone-netflix */,
				0B3539692B31D65F00EAA786 /* Products */,
			);
			sourceTree = "<group>";
		};
		0B3539692B31D65F00EAA786 /* Products */ = {
			isa = PBXGroup;
			children = (
				0B3539682B31D65F00EAA786 /* clone-netflix.app */,
			);
			name = Products;
			sourceTree = "<group>";
		};
		0B35396A2B31D65F00EAA786 /* clone-netflix */ = {
			isa = PBXGroup;
			children = (
				0B35398C2B320B4700EAA786 /* Managers */,
				0B35398B2B320B3D00EAA786 /* Resources */,
				0B35398A2B320B1F00EAA786 /* Models */,
				0B3539882B320B0500EAA786 /* Views */,
				0B35397F2B31D93D00EAA786 /* Controllers */,
				0B35396B2B31D65F00EAA786 /* AppDelegate.swift */,
				0B35396D2B31D65F00EAA786 /* SceneDelegate.swift */,
				0B35396F2B31D65F00EAA786 /* MainTabBarViewController.swift */,
				0B3539742B31D66100EAA786 /* Assets.xcassets */,
				0B3539762B31D66100EAA786 /* LaunchScreen.storyboard */,
				0B3539792B31D66100EAA786 /* Info.plist */,
			);
			path = "clone-netflix";
			sourceTree = "<group>";
		};
		0B35397F2B31D93D00EAA786 /* Controllers */ = {
			isa = PBXGroup;
			children = (
				0B3539802B31D95000EAA786 /* HomeViewController.swift */,
				0B3539822B31DA5D00EAA786 /* UpcomingViewController.swift */,
				0B3539842B31DA8100EAA786 /* SearchViewController.swift */,
				0B3539862B31DAB300EAA786 /* DownloadViewController.swift */,
			);
			path = Controllers;
			sourceTree = "<group>";
		};
		0B3539882B320B0500EAA786 /* Views */ = {
			isa = PBXGroup;
			children = (
				0B35398D2B320B7200EAA786 /* CollectionViewTableViewCell.swift */,
				0B35398F2B33144C00EAA786 /* HeroHeaderUIView.swift */,
				0B3539992B34BA6000EAA786 /* TitleCollectionViewCell.swift */,
			);
			path = Views;
			sourceTree = "<group>";
		};
		0B35398A2B320B1F00EAA786 /* Models */ = {
			isa = PBXGroup;
			children = (
				0B3539932B346B1300EAA786 /* TitleModel.swift */,
			);
			path = Models;
			sourceTree = "<group>";
		};
		0B35398B2B320B3D00EAA786 /* Resources */ = {
			isa = PBXGroup;
			children = (
				0B3539952B346F9E00EAA786 /* Extensions.swift */,
			);
			path = Resources;
			sourceTree = "<group>";
		};
		0B35398C2B320B4700EAA786 /* Managers */ = {
			isa = PBXGroup;
			children = (
				0B3539912B3464C100EAA786 /* APICaller.swift */,
			);
			path = Managers;
			sourceTree = "<group>";
		};
/* End PBXGroup section */

/* Begin PBXNativeTarget section */
		0B3539672B31D65F00EAA786 /* clone-netflix */ = {
			isa = PBXNativeTarget;
			buildConfigurationList = 0B35397C2B31D66100EAA786 /* Build configuration list for PBXNativeTarget "clone-netflix" */;
			buildPhases = (
				0B3539642B31D65F00EAA786 /* Sources */,
				0B3539652B31D65F00EAA786 /* Frameworks */,
				0B3539662B31D65F00EAA786 /* Resources */,
			);
			buildRules = (
			);
			dependencies = (
			);
			name = "clone-netflix";
			packageProductDependencies = (
				0B35399C2B34BBAF00EAA786 /* SDWebImage */,
				0B35399E2B34BBAF00EAA786 /* SDWebImageMapKit */,
			);
			productName = "clone-netflix";
			productReference = 0B3539682B31D65F00EAA786 /* clone-netflix.app */;
			productType = "com.apple.product-type.application";
		};
/* End PBXNativeTarget section */

/* Begin PBXProject section */
		0B3539602B31D65F00EAA786 /* Project object */ = {
			isa = PBXProject;
			attributes = {
				BuildIndependentTargetsInParallel = 1;
				LastSwiftUpdateCheck = 1510;
				LastUpgradeCheck = 1510;
				TargetAttributes = {
					0B3539672B31D65F00EAA786 = {
						CreatedOnToolsVersion = 15.1;
					};
				};
			};
			buildConfigurationList = 0B3539632B31D65F00EAA786 /* Build configuration list for PBXProject "clone-netflix" */;
			compatibilityVersion = "Xcode 14.0";
			developmentRegion = en;
			hasScannedForEncodings = 0;
			knownRegions = (
				en,
				Base,
			);
			mainGroup = 0B35395F2B31D65F00EAA786;
			packageReferences = (
				0B35399B2B34BBAE00EAA786 /* XCRemoteSwiftPackageReference "SDWebImage" */,
			);
			productRefGroup = 0B3539692B31D65F00EAA786 /* Products */;
			projectDirPath = "";
			projectRoot = "";
			targets = (
				0B3539672B31D65F00EAA786 /* clone-netflix */,
			);
		};
/* End PBXProject section */

/* Begin PBXResourcesBuildPhase section */
		0B3539662B31D65F00EAA786 /* Resources */ = {
			isa = PBXResourcesBuildPhase;
			buildActionMask = 2147483647;
			files = (
				0B3539782B31D66100EAA786 /* LaunchScreen.storyboard in Resources */,
				0B3539752B31D66100EAA786 /* Assets.xcassets in Resources */,
			);
			runOnlyForDeploymentPostprocessing = 0;
		};
/* End PBXResourcesBuildPhase section */

/* Begin PBXSourcesBuildPhase section */
		0B3539642B31D65F00EAA786 /* Sources */ = {
			isa = PBXSourcesBuildPhase;
			buildActionMask = 2147483647;
			files = (
				0B3539852B31DA8100EAA786 /* SearchViewController.swift in Sources */,
				0B35399A2B34BA6000EAA786 /* TitleCollectionViewCell.swift in Sources */,
				0B3539702B31D65F00EAA786 /* MainTabBarViewController.swift in Sources */,
				0B35398E2B320B7200EAA786 /* CollectionViewTableViewCell.swift in Sources */,
				0B3539922B3464C100EAA786 /* APICaller.swift in Sources */,
				0B3539902B33144C00EAA786 /* HeroHeaderUIView.swift in Sources */,
				0B35396C2B31D65F00EAA786 /* AppDelegate.swift in Sources */,
				0B3539872B31DAB300EAA786 /* DownloadViewController.swift in Sources */,
				0B3539962B346F9E00EAA786 /* Extensions.swift in Sources */,
				0B35396E2B31D65F00EAA786 /* SceneDelegate.swift in Sources */,
				0B3539942B346B1300EAA786 /* TitleModel.swift in Sources */,
				0B3539832B31DA5D00EAA786 /* UpcomingViewController.swift in Sources */,
				0B3539812B31D95000EAA786 /* HomeViewController.swift in Sources */,
			);
			runOnlyForDeploymentPostprocessing = 0;
		};
/* End PBXSourcesBuildPhase section */

/* Begin PBXVariantGroup section */
		0B3539762B31D66100EAA786 /* LaunchScreen.storyboard */ = {
			isa = PBXVariantGroup;
			children = (
				0B3539772B31D66100EAA786 /* Base */,
			);
			name = LaunchScreen.storyboard;
			sourceTree = "<group>";
		};
/* End PBXVariantGroup section */

/* Begin XCBuildConfiguration section */
		0B35397A2B31D66100EAA786 /* Debug */ = {
			isa = XCBuildConfiguration;
			buildSettings = {
				ALWAYS_SEARCH_USER_PATHS = NO;
				ASSETCATALOG_COMPILER_GENERATE_SWIFT_ASSET_SYMBOL_EXTENSIONS = YES;
				CLANG_ANALYZER_NONNULL = YES;
				CLANG_ANALYZER_NUMBER_OBJECT_CONVERSION = YES_AGGRESSIVE;
				CLANG_CXX_LANGUAGE_STANDARD = "gnu++20";
				CLANG_ENABLE_MODULES = YES;
				CLANG_ENABLE_OBJC_ARC = YES;
				CLANG_ENABLE_OBJC_WEAK = YES;
				CLANG_WARN_BLOCK_CAPTURE_AUTORELEASING = YES;
				CLANG_WARN_BOOL_CONVERSION = YES;
				CLANG_WARN_COMMA = YES;
				CLANG_WARN_CONSTANT_CONVERSION = YES;
				CLANG_WARN_DEPRECATED_OBJC_IMPLEMENTATIONS = YES;
				CLANG_WARN_DIRECT_OBJC_ISA_USAGE = YES_ERROR;
				CLANG_WARN_DOCUMENTATION_COMMENTS = YES;
				CLANG_WARN_EMPTY_BODY = YES;
				CLANG_WARN_ENUM_CONVERSION = YES;
				CLANG_WARN_INFINITE_RECURSION = YES;
				CLANG_WARN_INT_CONVERSION = YES;
				CLANG_WARN_NON_LITERAL_NULL_CONVERSION = YES;
				CLANG_WARN_OBJC_IMPLICIT_RETAIN_SELF = YES;
				CLANG_WARN_OBJC_LITERAL_CONVERSION = YES;
				CLANG_WARN_OBJC_ROOT_CLASS = YES_ERROR;
				CLANG_WARN_QUOTED_INCLUDE_IN_FRAMEWORK_HEADER = YES;
				CLANG_WARN_RANGE_LOOP_ANALYSIS = YES;
				CLANG_WARN_STRICT_PROTOTYPES = YES;
				CLANG_WARN_SUSPICIOUS_MOVE = YES;
				CLANG_WARN_UNGUARDED_AVAILABILITY = YES_AGGRESSIVE;
				CLANG_WARN_UNREACHABLE_CODE = YES;
				CLANG_WARN__DUPLICATE_METHOD_MATCH = YES;
				COPY_PHASE_STRIP = NO;
				DEBUG_INFORMATION_FORMAT = dwarf;
				ENABLE_STRICT_OBJC_MSGSEND = YES;
				ENABLE_TESTABILITY = YES;
				ENABLE_USER_SCRIPT_SANDBOXING = YES;
				GCC_C_LANGUAGE_STANDARD = gnu17;
				GCC_DYNAMIC_NO_PIC = NO;
				GCC_NO_COMMON_BLOCKS = YES;
				GCC_OPTIMIZATION_LEVEL = 0;
				GCC_PREPROCESSOR_DEFINITIONS = (
					"DEBUG=1",
					"$(inherited)",
				);
				GCC_WARN_64_TO_32_BIT_CONVERSION = YES;
				GCC_WARN_ABOUT_RETURN_TYPE = YES_ERROR;
				GCC_WARN_UNDECLARED_SELECTOR = YES;
				GCC_WARN_UNINITIALIZED_AUTOS = YES_AGGRESSIVE;
				GCC_WARN_UNUSED_FUNCTION = YES;
				GCC_WARN_UNUSED_VARIABLE = YES;
				IPHONEOS_DEPLOYMENT_TARGET = 17.2;
				LOCALIZATION_PREFERS_STRING_CATALOGS = YES;
				MTL_ENABLE_DEBUG_INFO = INCLUDE_SOURCE;
				MTL_FAST_MATH = YES;
				ONLY_ACTIVE_ARCH = YES;
				SDKROOT = iphoneos;
				SWIFT_ACTIVE_COMPILATION_CONDITIONS = "DEBUG $(inherited)";
				SWIFT_OPTIMIZATION_LEVEL = "-Onone";
			};
			name = Debug;
		};
		0B35397B2B31D66100EAA786 /* Release */ = {
			isa = XCBuildConfiguration;
			buildSettings = {
				ALWAYS_SEARCH_USER_PATHS = NO;
				ASSETCATALOG_COMPILER_GENERATE_SWIFT_ASSET_SYMBOL_EXTENSIONS = YES;
				CLANG_ANALYZER_NONNULL = YES;
				CLANG_ANALYZER_NUMBER_OBJECT_CONVERSION = YES_AGGRESSIVE;
				CLANG_CXX_LANGUAGE_STANDARD = "gnu++20";
				CLANG_ENABLE_MODULES = YES;
				CLANG_ENABLE_OBJC_ARC = YES;
				CLANG_ENABLE_OBJC_WEAK = YES;
				CLANG_WARN_BLOCK_CAPTURE_AUTORELEASING = YES;
				CLANG_WARN_BOOL_CONVERSION = YES;
				CLANG_WARN_COMMA = YES;
				CLANG_WARN_CONSTANT_CONVERSION = YES;
				CLANG_WARN_DEPRECATED_OBJC_IMPLEMENTATIONS = YES;
				CLANG_WARN_DIRECT_OBJC_ISA_USAGE = YES_ERROR;
				CLANG_WARN_DOCUMENTATION_COMMENTS = YES;
				CLANG_WARN_EMPTY_BODY = YES;
				CLANG_WARN_ENUM_CONVERSION = YES;
				CLANG_WARN_INFINITE_RECURSION = YES;
				CLANG_WARN_INT_CONVERSION = YES;
				CLANG_WARN_NON_LITERAL_NULL_CONVERSION = YES;
				CLANG_WARN_OBJC_IMPLICIT_RETAIN_SELF = YES;
				CLANG_WARN_OBJC_LITERAL_CONVERSION = YES;
				CLANG_WARN_OBJC_ROOT_CLASS = YES_ERROR;
				CLANG_WARN_QUOTED_INCLUDE_IN_FRAMEWORK_HEADER = YES;
				CLANG_WARN_RANGE_LOOP_ANALYSIS = YES;
				CLANG_WARN_STRICT_PROTOTYPES = YES;
				CLANG_WARN_SUSPICIOUS_MOVE = YES;
				CLANG_WARN_UNGUARDED_AVAILABILITY = YES_AGGRESSIVE;
				CLANG_WARN_UNREACHABLE_CODE = YES;
				CLANG_WARN__DUPLICATE_METHOD_MATCH = YES;
				COPY_PHASE_STRIP = NO;
				DEBUG_INFORMATION_FORMAT = "dwarf-with-dsym";
				ENABLE_NS_ASSERTIONS = NO;
				ENABLE_STRICT_OBJC_MSGSEND = YES;
				ENABLE_USER_SCRIPT_SANDBOXING = YES;
				GCC_C_LANGUAGE_STANDARD = gnu17;
				GCC_NO_COMMON_BLOCKS = YES;
				GCC_WARN_64_TO_32_BIT_CONVERSION = YES;
				GCC_WARN_ABOUT_RETURN_TYPE = YES_ERROR;
				GCC_WARN_UNDECLARED_SELECTOR = YES;
				GCC_WARN_UNINITIALIZED_AUTOS = YES_AGGRESSIVE;
				GCC_WARN_UNUSED_FUNCTION = YES;
				GCC_WARN_UNUSED_VARIABLE = YES;
				IPHONEOS_DEPLOYMENT_TARGET = 17.2;
				LOCALIZATION_PREFERS_STRING_CATALOGS = YES;
				MTL_ENABLE_DEBUG_INFO = NO;
				MTL_FAST_MATH = YES;
				SDKROOT = iphoneos;
				SWIFT_COMPILATION_MODE = wholemodule;
				VALIDATE_PRODUCT = YES;
			};
			name = Release;
		};
		0B35397D2B31D66100EAA786 /* Debug */ = {
			isa = XCBuildConfiguration;
			buildSettings = {
				ASSETCATALOG_COMPILER_APPICON_NAME = AppIcon;
				ASSETCATALOG_COMPILER_GLOBAL_ACCENT_COLOR_NAME = AccentColor;
				CODE_SIGN_STYLE = Automatic;
				CURRENT_PROJECT_VERSION = 1;
				DEVELOPMENT_TEAM = 972SSN6428;
				GENERATE_INFOPLIST_FILE = YES;
				INFOPLIST_FILE = "clone-netflix/Info.plist";
				INFOPLIST_KEY_UIApplicationSupportsIndirectInputEvents = YES;
				INFOPLIST_KEY_UILaunchStoryboardName = LaunchScreen;
				INFOPLIST_KEY_UISupportedInterfaceOrientations_iPad = "UIInterfaceOrientationPortrait UIInterfaceOrientationPortraitUpsideDown UIInterfaceOrientationLandscapeLeft UIInterfaceOrientationLandscapeRight";
				INFOPLIST_KEY_UISupportedInterfaceOrientations_iPhone = "UIInterfaceOrientationPortrait UIInterfaceOrientationLandscapeLeft UIInterfaceOrientationLandscapeRight";
				LD_RUNPATH_SEARCH_PATHS = (
					"$(inherited)",
					"@executable_path/Frameworks",
				);
				MARKETING_VERSION = 1.0;
				PRODUCT_BUNDLE_IDENTIFIER = "com.marceloamaral.clone-netflix";
				PRODUCT_NAME = "$(TARGET_NAME)";
				SWIFT_EMIT_LOC_STRINGS = YES;
				SWIFT_VERSION = 5.0;
				TARGETED_DEVICE_FAMILY = "1,2";
			};
			name = Debug;
		};
		0B35397E2B31D66100EAA786 /* Release */ = {
			isa = XCBuildConfiguration;
			buildSettings = {
				ASSETCATALOG_COMPILER_APPICON_NAME = AppIcon;
				ASSETCATALOG_COMPILER_GLOBAL_ACCENT_COLOR_NAME = AccentColor;
				CODE_SIGN_STYLE = Automatic;
				CURRENT_PROJECT_VERSION = 1;
				DEVELOPMENT_TEAM = 972SSN6428;
				GENERATE_INFOPLIST_FILE = YES;
				INFOPLIST_FILE = "clone-netflix/Info.plist";
				INFOPLIST_KEY_UIApplicationSupportsIndirectInputEvents = YES;
				INFOPLIST_KEY_UILaunchStoryboardName = LaunchScreen;
				INFOPLIST_KEY_UISupportedInterfaceOrientations_iPad = "UIInterfaceOrientationPortrait UIInterfaceOrientationPortraitUpsideDown UIInterfaceOrientationLandscapeLeft UIInterfaceOrientationLandscapeRight";
				INFOPLIST_KEY_UISupportedInterfaceOrientations_iPhone = "UIInterfaceOrientationPortrait UIInterfaceOrientationLandscapeLeft UIInterfaceOrientationLandscapeRight";
				LD_RUNPATH_SEARCH_PATHS = (
					"$(inherited)",
					"@executable_path/Frameworks",
				);
				MARKETING_VERSION = 1.0;
				PRODUCT_BUNDLE_IDENTIFIER = "com.marceloamaral.clone-netflix";
				PRODUCT_NAME = "$(TARGET_NAME)";
				SWIFT_EMIT_LOC_STRINGS = YES;
				SWIFT_VERSION = 5.0;
				TARGETED_DEVICE_FAMILY = "1,2";
			};
			name = Release;
		};
/* End XCBuildConfiguration section */

/* Begin XCConfigurationList section */
		0B3539632B31D65F00EAA786 /* Build configuration list for PBXProject "clone-netflix" */ = {
			isa = XCConfigurationList;
			buildConfigurations = (
				0B35397A2B31D66100EAA786 /* Debug */,
				0B35397B2B31D66100EAA786 /* Release */,
			);
			defaultConfigurationIsVisible = 0;
			defaultConfigurationName = Release;
		};
		0B35397C2B31D66100EAA786 /* Build configuration list for PBXNativeTarget "clone-netflix" */ = {
			isa = XCConfigurationList;
			buildConfigurations = (
				0B35397D2B31D66100EAA786 /* Debug */,
				0B35397E2B31D66100EAA786 /* Release */,
			);
			defaultConfigurationIsVisible = 0;
			defaultConfigurationName = Release;
		};
/* End XCConfigurationList section */

/* Begin XCRemoteSwiftPackageReference section */
		0B35399B2B34BBAE00EAA786 /* XCRemoteSwiftPackageReference "SDWebImage" */ = {
			isa = XCRemoteSwiftPackageReference;
			repositoryURL = "https://github.com/SDWebImage/SDWebImage.git";
			requirement = {
				kind = upToNextMajorVersion;
				minimumVersion = 5.18.7;
			};
		};
/* End XCRemoteSwiftPackageReference section */

/* Begin XCSwiftPackageProductDependency section */
		0B35399C2B34BBAF00EAA786 /* SDWebImage */ = {
			isa = XCSwiftPackageProductDependency;
			package = 0B35399B2B34BBAE00EAA786 /* XCRemoteSwiftPackageReference "SDWebImage" */;
			productName = SDWebImage;
		};
		0B35399E2B34BBAF00EAA786 /* SDWebImageMapKit */ = {
			isa = XCSwiftPackageProductDependency;
			package = 0B35399B2B34BBAE00EAA786 /* XCRemoteSwiftPackageReference "SDWebImage" */;
			productName = SDWebImageMapKit;
		};
/* End XCSwiftPackageProductDependency section */
	};
	rootObject = 0B3539602B31D65F00EAA786 /* Project object */;
}
